
Microsoft Visual Studio Solution File, Format Version 12.00
# Visual Studio Version 18
VisualStudioVersion = 18.0.11116.177
MinimumVisualStudioVersion = 10.0.40219.1
Project("{9A19103F-16F7-4668-BE54-9A1E7A4F7556}") = "DrawnUi.Maui.Camera", "..\..\DrawnUi.Maui\src\Maui\Addons\DrawnUi.Maui.Camera\DrawnUi.Maui.Camera.csproj", "{DD2D491D-7046-41D2-A00E-FE65CBADE85E}"
EndProject
Project("{2150E333-8FDC-42A3-9474-1A3956D46DE8}") = "Solution Items", "Solution Items", "{089100B1-113F-4E66-888A-E83F3999EAFD}"
	ProjectSection(SolutionItems) = preProject
		..\..\DrawnUi.Maui\.gitignore = ..\..\DrawnUi.Maui\.gitignore
		..\..\DrawnUi.Maui\CLAUDE.md = ..\..\DrawnUi.Maui\CLAUDE.md
		..\..\DrawnUi.Maui\src\Maui\Directory.Build.props = ..\..\DrawnUi.Maui\src\Maui\Directory.Build.props
		..\..\DrawnUi.Maui\src\Directory.Build.props = ..\..\DrawnUi.Maui\src\Directory.Build.props
		..\..\DrawnUi.Maui\src\Directory.Build.targets = ..\..\DrawnUi.Maui\src\Directory.Build.targets
		..\..\DrawnUi.Maui\nugets\DrawnUi.Maui.targets = ..\..\DrawnUi.Maui\nugets\DrawnUi.Maui.targets
		..\..\DrawnUi.Maui\nugets\githubupload.bat = ..\..\DrawnUi.Maui\nugets\githubupload.bat
		..\..\DrawnUi.Maui\nugets\makenugets.bat = ..\..\DrawnUi.Maui\nugets\makenugets.bat
		..\..\DrawnUi.Maui\nugets\movenugets.bat = ..\..\DrawnUi.Maui\nugets\movenugets.bat
		..\..\DrawnUi.Maui\nugets\nugetupload.bat = ..\..\DrawnUi.Maui\nugets\nugetupload.bat
		..\..\DrawnUi.Maui\README.md = ..\..\DrawnUi.Maui\README.md
	EndProjectSection
EndProject
Project("{D954291E-2A0B-460D-934E-DC6B0785DB48}") = "DrawnUi.Shared", "..\..\DrawnUi.Maui\src\Shared\DrawnUi.Shared.shproj", "{83974207-9636-48DD-BDB3-98EDECBB1107}"
EndProject
Project("{2150E333-8FDC-42A3-9474-1A3956D46DE8}") = "Refs", "Refs", "{5D20AA90-6969-D8BD-9DCD-8634F4692FDA}"
EndProject
Project("{FAE04EC0-301F-11D3-BF4B-00C04F79EFBC}") = "DrawnUi.Maui", "..\..\DrawnUi.Maui\src\Maui\DrawnUi\DrawnUi.Maui.csproj", "{93E119B1-4378-87DF-2DD2-A818D1E6C2A2}"
EndProject
Project("{FAE04EC0-301F-11D3-BF4B-00C04F79EFBC}") = "CameraTests", "..\..\DrawnUi.Maui\src\Maui\Samples\Camera\CameraTests.csproj", "{3AFBEF09-A490-2713-E71D-E104B75DD3A8}"
EndProject
Project("{FAE04EC0-301F-11D3-BF4B-00C04F79EFBC}") = "SolTempo", "..\src\Maui\SolTempo.csproj", "{B2B688EC-021F-A550-962C-F26ED3C391D5}"
EndProject
Project("{FAE04EC0-301F-11D3-BF4B-00C04F79EFBC}") = "ShadersCamera", "..\..\ShadersCamera\src\app\ShadersCamera.csproj", "{2683E500-7FA1-5A49-6F09-2DBE64A71CF1}"
EndProject
Global
	GlobalSection(SolutionConfigurationPlatforms) = preSolution
		Debug|Any CPU = Debug|Any CPU
		Release|Any CPU = Release|Any CPU
	EndGlobalSection
	GlobalSection(ProjectConfigurationPlatforms) = postSolution
		{DD2D491D-7046-41D2-A00E-FE65CBADE85E}.Debug|Any CPU.ActiveCfg = Debug|Any CPU
		{DD2D491D-7046-41D2-A00E-FE65CBADE85E}.Debug|Any CPU.Build.0 = Debug|Any CPU
		{DD2D491D-7046-41D2-A00E-FE65CBADE85E}.Release|Any CPU.ActiveCfg = Release|Any CPU
		{DD2D491D-7046-41D2-A00E-FE65CBADE85E}.Release|Any CPU.Build.0 = Release|Any CPU
		{93E119B1-4378-87DF-2DD2-A818D1E6C2A2}.Debug|Any CPU.ActiveCfg = Debug|Any CPU
		{93E119B1-4378-87DF-2DD2-A818D1E6C2A2}.Debug|Any CPU.Build.0 = Debug|Any CPU
		{93E119B1-4378-87DF-2DD2-A818D1E6C2A2}.Release|Any CPU.ActiveCfg = Release|Any CPU
		{93E119B1-4378-87DF-2DD2-A818D1E6C2A2}.Release|Any CPU.Build.0 = Release|Any CPU
		{3AFBEF09-A490-2713-E71D-E104B75DD3A8}.Debug|Any CPU.ActiveCfg = Debug|Any CPU
		{3AFBEF09-A490-2713-E71D-E104B75DD3A8}.Debug|Any CPU.Build.0 = Debug|Any CPU
		{3AFBEF09-A490-2713-E71D-E104B75DD3A8}.Debug|Any CPU.Deploy.0 = Debug|Any CPU
		{3AFBEF09-A490-2713-E71D-E104B75DD3A8}.Release|Any CPU.ActiveCfg = Release|Any CPU
		{3AFBEF09-A490-2713-E71D-E104B75DD3A8}.Release|Any CPU.Build.0 = Release|Any CPU
		{B2B688EC-021F-A550-962C-F26ED3C391D5}.Debug|Any CPU.ActiveCfg = Debug|Any CPU
		{B2B688EC-021F-A550-962C-F26ED3C391D5}.Debug|Any CPU.Build.0 = Debug|Any CPU
		{B2B688EC-021F-A550-962C-F26ED3C391D5}.Debug|Any CPU.Deploy.0 = Debug|Any CPU
		{B2B688EC-021F-A550-962C-F26ED3C391D5}.Release|Any CPU.ActiveCfg = Release|Any CPU
		{B2B688EC-021F-A550-962C-F26ED3C391D5}.Release|Any CPU.Build.0 = Release|Any CPU
		{B2B688EC-021F-A550-962C-F26ED3C391D5}.Release|Any CPU.Deploy.0 = Release|Any CPU
		{2683E500-7FA1-5A49-6F09-2DBE64A71CF1}.Debug|Any CPU.ActiveCfg = Debug|Any CPU
		{2683E500-7FA1-5A49-6F09-2DBE64A71CF1}.Debug|Any CPU.Build.0 = Debug|Any CPU
		{2683E500-7FA1-5A49-6F09-2DBE64A71CF1}.Release|Any CPU.ActiveCfg = Release|Any CPU
		{2683E500-7FA1-5A49-6F09-2DBE64A71CF1}.Release|Any CPU.Build.0 = Release|Any CPU
	EndGlobalSection
	GlobalSection(SolutionProperties) = preSolution
		HideSolutionNode = FALSE
	EndGlobalSection
	GlobalSection(NestedProjects) = preSolution
		{DD2D491D-7046-41D2-A00E-FE65CBADE85E} = {5D20AA90-6969-D8BD-9DCD-8634F4692FDA}
		{83974207-9636-48DD-BDB3-98EDECBB1107} = {5D20AA90-6969-D8BD-9DCD-8634F4692FDA}
		{93E119B1-4378-87DF-2DD2-A818D1E6C2A2} = {5D20AA90-6969-D8BD-9DCD-8634F4692FDA}
		{3AFBEF09-A490-2713-E71D-E104B75DD3A8} = {5D20AA90-6969-D8BD-9DCD-8634F4692FDA}
		{2683E500-7FA1-5A49-6F09-2DBE64A71CF1} = {5D20AA90-6969-D8BD-9DCD-8634F4692FDA}
	EndGlobalSection
	GlobalSection(ExtensibilityGlobals) = postSolution
		SolutionGuid = {329E3D0C-A3F7-4A3E-B61C-6B2D1BD7F708}
	EndGlobalSection
	GlobalSection(SharedMSBuildProjectFiles) = preSolution
		..\..\DrawnUi.Maui\src\Shared\Shared.projitems*{83974207-9636-48dd-bdb3-98edecbb1107}*SharedItemsImports = 13
		..\..\DrawnUi.Maui\src\Shared\Shared.projitems*{93e119b1-4378-87df-2dd2-a818d1e6c2a2}*SharedItemsImports = 5
	EndGlobalSection
EndGlobal
